// !$*UTF8*$!
{
	archiveVersion = 1;
	classes = {
	};
	objectVersion = 46;
	objects = {

/* Begin PBXBuildFile section */
		280E63BC1C8922EE006348C6 /* Main.storyboard in Resources */ = {isa = PBXBuildFile; fileRef = 280E63BA1C8922EE006348C6 /* Main.storyboard */; };
		280E63BE1C8922EE006348C6 /* Assets.xcassets in Resources */ = {isa = PBXBuildFile; fileRef = 280E63BD1C8922EE006348C6 /* Assets.xcassets */; };
		280E63C11C8922EE006348C6 /* LaunchScreen.storyboard in Resources */ = {isa = PBXBuildFile; fileRef = 280E63BF1C8922EE006348C6 /* LaunchScreen.storyboard */; };
		283272D21C92561100179CF9 /* Gallery.storyboard in Resources */ = {isa = PBXBuildFile; fileRef = 283272D11C92561100179CF9 /* Gallery.storyboard */; };
		283272D71C9260F700179CF9 /* MDCGalleryCollectionViewCell.swift in Sources */ = {isa = PBXBuildFile; fileRef = 283272D61C9260F700179CF9 /* MDCGalleryCollectionViewCell.swift */; };
		283272DB1CAC832900179CF9 /* MDCAppDelegate.swift in Sources */ = {isa = PBXBuildFile; fileRef = 283272DA1CAC832900179CF9 /* MDCAppDelegate.swift */; };
		283272E01CAC845500179CF9 /* img1.jpg in Resources */ = {isa = PBXBuildFile; fileRef = 283272DC1CAC845500179CF9 /* img1.jpg */; };
		283272E11CAC845500179CF9 /* img2.jpg in Resources */ = {isa = PBXBuildFile; fileRef = 283272DD1CAC845500179CF9 /* img2.jpg */; };
		283272E21CAC845500179CF9 /* img3.jpg in Resources */ = {isa = PBXBuildFile; fileRef = 283272DE1CAC845500179CF9 /* img3.jpg */; };
		283272E31CAC845500179CF9 /* img4.jpg in Resources */ = {isa = PBXBuildFile; fileRef = 283272DF1CAC845500179CF9 /* img4.jpg */; };
		283272E81CAC8C1D00179CF9 /* MDCGalleryViewController.swift in Sources */ = {isa = PBXBuildFile; fileRef = 283272E71CAC8C1D00179CF9 /* MDCGalleryViewController.swift */; };
		283272EA1CADCAD000179CF9 /* MDCPopupViewController.swift in Sources */ = {isa = PBXBuildFile; fileRef = 283272E91CADCAD000179CF9 /* MDCPopupViewController.swift */; };
		2894E7091CBF133700E6C145 /* MDCWebViewController.swift in Sources */ = {isa = PBXBuildFile; fileRef = 2894E7081CBF133700E6C145 /* MDCWebViewController.swift */; };
		28D8137D1CB5CCAF00556B97 /* MDCTree.swift in Sources */ = {isa = PBXBuildFile; fileRef = 28D8137C1CB5CCAF00556B97 /* MDCTree.swift */; };
		28D8137E1CB6B18B00556B97 /* MDCNearbyTreesViewController.swift in Sources */ = {isa = PBXBuildFile; fileRef = 7F06D87F1C925A4A00FA3E13 /* MDCNearbyTreesViewController.swift */; };
		28D8137F1CB6B18E00556B97 /* NearbyTreesTableViewCell.swift in Sources */ = {isa = PBXBuildFile; fileRef = 7FB4E2A11CAE0CF6003A94AA /* NearbyTreesTableViewCell.swift */; };
		28D813811CB6B28F00556B97 /* Gardens_Fotor.jpg in Resources */ = {isa = PBXBuildFile; fileRef = 28D813801CB6B28F00556B97 /* Gardens_Fotor.jpg */; };
		28D813831CB6B56F00556B97 /* MapView.storyboard in Resources */ = {isa = PBXBuildFile; fileRef = 28D813821CB6B56F00556B97 /* MapView.storyboard */; };
		28D813851CB6B82E00556B97 /* MDCHomeViewController.swift in Sources */ = {isa = PBXBuildFile; fileRef = 28D813841CB6B82E00556B97 /* MDCHomeViewController.swift */; };
		28D813871CB6B87B00556B97 /* MDCMapViewController.swift in Sources */ = {isa = PBXBuildFile; fileRef = 28D813861CB6B87B00556B97 /* MDCMapViewController.swift */; };
		28D8138C1CB7187400556B97 /* OCSingleAnnotation.m in Sources */ = {isa = PBXBuildFile; fileRef = 28D8138B1CB7187400556B97 /* OCSingleAnnotation.m */; };
		650C966F1C9259DE006C952A /* Home.storyboard in Resources */ = {isa = PBXBuildFile; fileRef = 650C966E1C9259DE006C952A /* Home.storyboard */; };
		7F06D87B1C9258AF00FA3E13 /* NearbyTrees.storyboard in Resources */ = {isa = PBXBuildFile; fileRef = 7F06D87A1C9258AF00FA3E13 /* NearbyTrees.storyboard */; };
		7FAE908D1CC07C02000A4913 /* CoreLocation.framework in Frameworks */ = {isa = PBXBuildFile; fileRef = 7FAE908C1CC07C02000A4913 /* CoreLocation.framework */; };
		A16E1ADA0109152A41930EDC /* libPods-BranchingOut-iOS.a in Frameworks */ = {isa = PBXBuildFile; fileRef = DAD00075B9DEE49B7DACA922 /* libPods-BranchingOut-iOS.a */; };
/* End PBXBuildFile section */

/* Begin PBXFileReference section */
		280E63B31C8922EE006348C6 /* BranchingOut-iOS.app */ = {isa = PBXFileReference; explicitFileType = wrapper.application; includeInIndex = 0; path = "BranchingOut-iOS.app"; sourceTree = BUILT_PRODUCTS_DIR; };
		280E63BB1C8922EE006348C6 /* Base */ = {isa = PBXFileReference; lastKnownFileType = file.storyboard; name = Base; path = Base.lproj/Main.storyboard; sourceTree = "<group>"; };
		280E63BD1C8922EE006348C6 /* Assets.xcassets */ = {isa = PBXFileReference; lastKnownFileType = folder.assetcatalog; path = Assets.xcassets; sourceTree = "<group>"; };
		280E63C01C8922EE006348C6 /* Base */ = {isa = PBXFileReference; lastKnownFileType = file.storyboard; name = Base; path = Base.lproj/LaunchScreen.storyboard; sourceTree = "<group>"; };
		280E63C21C8922EE006348C6 /* Info.plist */ = {isa = PBXFileReference; lastKnownFileType = text.plist.xml; path = Info.plist; sourceTree = "<group>"; };
		283272D11C92561100179CF9 /* Gallery.storyboard */ = {isa = PBXFileReference; fileEncoding = 4; lastKnownFileType = file.storyboard; path = Gallery.storyboard; sourceTree = "<group>"; };
		283272D31C92589400179CF9 /* BranchingOut-iOS-Bridging-Header.h */ = {isa = PBXFileReference; lastKnownFileType = sourcecode.c.h; path = "BranchingOut-iOS-Bridging-Header.h"; sourceTree = "<group>"; };
		283272D61C9260F700179CF9 /* MDCGalleryCollectionViewCell.swift */ = {isa = PBXFileReference; fileEncoding = 4; lastKnownFileType = sourcecode.swift; path = MDCGalleryCollectionViewCell.swift; sourceTree = "<group>"; };
		283272DA1CAC832900179CF9 /* MDCAppDelegate.swift */ = {isa = PBXFileReference; fileEncoding = 4; lastKnownFileType = sourcecode.swift; path = MDCAppDelegate.swift; sourceTree = "<group>"; };
		283272DC1CAC845500179CF9 /* img1.jpg */ = {isa = PBXFileReference; lastKnownFileType = image.jpeg; path = img1.jpg; sourceTree = "<group>"; };
		283272DD1CAC845500179CF9 /* img2.jpg */ = {isa = PBXFileReference; lastKnownFileType = image.jpeg; path = img2.jpg; sourceTree = "<group>"; };
		283272DE1CAC845500179CF9 /* img3.jpg */ = {isa = PBXFileReference; lastKnownFileType = image.jpeg; path = img3.jpg; sourceTree = "<group>"; };
		283272DF1CAC845500179CF9 /* img4.jpg */ = {isa = PBXFileReference; lastKnownFileType = image.jpeg; path = img4.jpg; sourceTree = "<group>"; };
		283272E71CAC8C1D00179CF9 /* MDCGalleryViewController.swift */ = {isa = PBXFileReference; fileEncoding = 4; lastKnownFileType = sourcecode.swift; path = MDCGalleryViewController.swift; sourceTree = "<group>"; };
		283272E91CADCAD000179CF9 /* MDCPopupViewController.swift */ = {isa = PBXFileReference; fileEncoding = 4; lastKnownFileType = sourcecode.swift; path = MDCPopupViewController.swift; sourceTree = "<group>"; };
		2894E7081CBF133700E6C145 /* MDCWebViewController.swift */ = {isa = PBXFileReference; fileEncoding = 4; lastKnownFileType = sourcecode.swift; path = MDCWebViewController.swift; sourceTree = "<group>"; };
		28D8137C1CB5CCAF00556B97 /* MDCTree.swift */ = {isa = PBXFileReference; fileEncoding = 4; lastKnownFileType = sourcecode.swift; path = MDCTree.swift; sourceTree = "<group>"; };
		28D813801CB6B28F00556B97 /* Gardens_Fotor.jpg */ = {isa = PBXFileReference; lastKnownFileType = image.jpeg; path = Gardens_Fotor.jpg; sourceTree = "<group>"; };
		28D813821CB6B56F00556B97 /* MapView.storyboard */ = {isa = PBXFileReference; fileEncoding = 4; lastKnownFileType = file.storyboard; path = MapView.storyboard; sourceTree = "<group>"; };
		28D813841CB6B82E00556B97 /* MDCHomeViewController.swift */ = {isa = PBXFileReference; fileEncoding = 4; lastKnownFileType = sourcecode.swift; path = MDCHomeViewController.swift; sourceTree = "<group>"; };
		28D813861CB6B87B00556B97 /* MDCMapViewController.swift */ = {isa = PBXFileReference; fileEncoding = 4; lastKnownFileType = sourcecode.swift; path = MDCMapViewController.swift; sourceTree = "<group>"; };
		28D8138A1CB7187400556B97 /* OCSingleAnnotation.h */ = {isa = PBXFileReference; fileEncoding = 4; lastKnownFileType = sourcecode.c.h; path = OCSingleAnnotation.h; sourceTree = "<group>"; };
		28D8138B1CB7187400556B97 /* OCSingleAnnotation.m */ = {isa = PBXFileReference; fileEncoding = 4; lastKnownFileType = sourcecode.c.objc; path = OCSingleAnnotation.m; sourceTree = "<group>"; };
		650C966E1C9259DE006C952A /* Home.storyboard */ = {isa = PBXFileReference; fileEncoding = 4; lastKnownFileType = file.storyboard; path = Home.storyboard; sourceTree = "<group>"; };
		71078D493F3F8685D6C5A2EA /* Pods-BranchingOut-iOS.debug.xcconfig */ = {isa = PBXFileReference; includeInIndex = 1; lastKnownFileType = text.xcconfig; name = "Pods-BranchingOut-iOS.debug.xcconfig"; path = "Pods/Target Support Files/Pods-BranchingOut-iOS/Pods-BranchingOut-iOS.debug.xcconfig"; sourceTree = "<group>"; };
		7F06D87A1C9258AF00FA3E13 /* NearbyTrees.storyboard */ = {isa = PBXFileReference; fileEncoding = 4; lastKnownFileType = file.storyboard; path = NearbyTrees.storyboard; sourceTree = "<group>"; };
		7F06D87C1C9259F700FA3E13 /* BranchingOut-iOS-Bridging-Header.h */ = {isa = PBXFileReference; lastKnownFileType = sourcecode.c.h; path = "BranchingOut-iOS-Bridging-Header.h"; sourceTree = "<group>"; };
		7F06D87F1C925A4A00FA3E13 /* MDCNearbyTreesViewController.swift */ = {isa = PBXFileReference; fileEncoding = 4; lastKnownFileType = sourcecode.swift; path = MDCNearbyTreesViewController.swift; sourceTree = "<group>"; };
		7FAE908C1CC07C02000A4913 /* CoreLocation.framework */ = {isa = PBXFileReference; lastKnownFileType = wrapper.framework; name = CoreLocation.framework; path = System/Library/Frameworks/CoreLocation.framework; sourceTree = SDKROOT; };
		7FB4E2A11CAE0CF6003A94AA /* NearbyTreesTableViewCell.swift */ = {isa = PBXFileReference; fileEncoding = 4; lastKnownFileType = sourcecode.swift; path = NearbyTreesTableViewCell.swift; sourceTree = "<group>"; };
		B4E3454791EC011D38AB27BF /* Pods-BranchingOut-iOS.release.xcconfig */ = {isa = PBXFileReference; includeInIndex = 1; lastKnownFileType = text.xcconfig; name = "Pods-BranchingOut-iOS.release.xcconfig"; path = "Pods/Target Support Files/Pods-BranchingOut-iOS/Pods-BranchingOut-iOS.release.xcconfig"; sourceTree = "<group>"; };
		DAD00075B9DEE49B7DACA922 /* libPods-BranchingOut-iOS.a */ = {isa = PBXFileReference; explicitFileType = archive.ar; includeInIndex = 0; path = "libPods-BranchingOut-iOS.a"; sourceTree = BUILT_PRODUCTS_DIR; };
/* End PBXFileReference section */

/* Begin PBXFrameworksBuildPhase section */
		280E63B01C8922EE006348C6 /* Frameworks */ = {
			isa = PBXFrameworksBuildPhase;
			buildActionMask = 2147483647;
			files = (
				7FAE908D1CC07C02000A4913 /* CoreLocation.framework in Frameworks */,
				A16E1ADA0109152A41930EDC /* libPods-BranchingOut-iOS.a in Frameworks */,
			);
			runOnlyForDeploymentPostprocessing = 0;
		};
/* End PBXFrameworksBuildPhase section */

/* Begin PBXGroup section */
		1D3F3CE1C4A3AEB60B91734C /* Pods */ = {
			isa = PBXGroup;
			children = (
				71078D493F3F8685D6C5A2EA /* Pods-BranchingOut-iOS.debug.xcconfig */,
				B4E3454791EC011D38AB27BF /* Pods-BranchingOut-iOS.release.xcconfig */,
			);
			name = Pods;
			sourceTree = "<group>";
		};
		280E63AA1C8922EE006348C6 = {
			isa = PBXGroup;
			children = (
				280E63B51C8922EE006348C6 /* BranchingOut-iOS */,
				280E63B41C8922EE006348C6 /* Products */,
				1D3F3CE1C4A3AEB60B91734C /* Pods */,
				D0756E0EEDB99A68FE681413 /* Frameworks */,
			);
			sourceTree = "<group>";
		};
		280E63B41C8922EE006348C6 /* Products */ = {
			isa = PBXGroup;
			children = (
				280E63B31C8922EE006348C6 /* BranchingOut-iOS.app */,
			);
			name = Products;
			sourceTree = "<group>";
		};
		280E63B51C8922EE006348C6 /* BranchingOut-iOS */ = {
			isa = PBXGroup;
			children = (
				7FB4E2A11CAE0CF6003A94AA /* NearbyTreesTableViewCell.swift */,
				7F06D87F1C925A4A00FA3E13 /* MDCNearbyTreesViewController.swift */,
				7F06D87A1C9258AF00FA3E13 /* NearbyTrees.storyboard */,
				280E63BA1C8922EE006348C6 /* Main.storyboard */,
				28D813821CB6B56F00556B97 /* MapView.storyboard */,
				283272D11C92561100179CF9 /* Gallery.storyboard */,
				280E63BD1C8922EE006348C6 /* Assets.xcassets */,
				28D813801CB6B28F00556B97 /* Gardens_Fotor.jpg */,
				283272DC1CAC845500179CF9 /* img1.jpg */,
				283272DD1CAC845500179CF9 /* img2.jpg */,
				283272DE1CAC845500179CF9 /* img3.jpg */,
				283272DF1CAC845500179CF9 /* img4.jpg */,
				280E63BF1C8922EE006348C6 /* LaunchScreen.storyboard */,
				28D8138A1CB7187400556B97 /* OCSingleAnnotation.h */,
				28D8138B1CB7187400556B97 /* OCSingleAnnotation.m */,
				280E63C21C8922EE006348C6 /* Info.plist */,
				7F06D87C1C9259F700FA3E13 /* BranchingOut-iOS-Bridging-Header.h */,
				650C966E1C9259DE006C952A /* Home.storyboard */,
				283272E71CAC8C1D00179CF9 /* MDCGalleryViewController.swift */,
				2894E7081CBF133700E6C145 /* MDCWebViewController.swift */,
				28D813861CB6B87B00556B97 /* MDCMapViewController.swift */,
				283272D61C9260F700179CF9 /* MDCGalleryCollectionViewCell.swift */,
				28D8137C1CB5CCAF00556B97 /* MDCTree.swift */,
				28D813841CB6B82E00556B97 /* MDCHomeViewController.swift */,
				283272E91CADCAD000179CF9 /* MDCPopupViewController.swift */,
				283272D31C92589400179CF9 /* BranchingOut-iOS-Bridging-Header.h */,
				283272DA1CAC832900179CF9 /* MDCAppDelegate.swift */,
			);
			path = "BranchingOut-iOS";
			sourceTree = "<group>";
		};
		D0756E0EEDB99A68FE681413 /* Frameworks */ = {
			isa = PBXGroup;
			children = (
				7FAE908C1CC07C02000A4913 /* CoreLocation.framework */,
				DAD00075B9DEE49B7DACA922 /* libPods-BranchingOut-iOS.a */,
			);
			name = Frameworks;
			sourceTree = "<group>";
		};
/* End PBXGroup section */

/* Begin PBXNativeTarget section */
		280E63B21C8922EE006348C6 /* BranchingOut-iOS */ = {
			isa = PBXNativeTarget;
			buildConfigurationList = 280E63C51C8922EE006348C6 /* Build configuration list for PBXNativeTarget "BranchingOut-iOS" */;
			buildPhases = (
				4D0D0F2C4ACAE82121180367 /* Check Pods Manifest.lock */,
				280E63AF1C8922EE006348C6 /* Sources */,
				280E63B01C8922EE006348C6 /* Frameworks */,
				280E63B11C8922EE006348C6 /* Resources */,
				9B209DBD3CA72D36372804A8 /* Embed Pods Frameworks */,
				DF2872FFE6D3287B9D6929BC /* Copy Pods Resources */,
			);
			buildRules = (
			);
			dependencies = (
			);
			name = "BranchingOut-iOS";
			productName = "BranchingOut-iOS";
			productReference = 280E63B31C8922EE006348C6 /* BranchingOut-iOS.app */;
			productType = "com.apple.product-type.application";
		};
/* End PBXNativeTarget section */

/* Begin PBXProject section */
		280E63AB1C8922EE006348C6 /* Project object */ = {
			isa = PBXProject;
			attributes = {
				CLASSPREFIX = MDC;
				LastSwiftUpdateCheck = 0720;
				LastUpgradeCheck = 0720;
				ORGANIZATIONNAME = MDC;
				TargetAttributes = {
					280E63B21C8922EE006348C6 = {
						CreatedOnToolsVersion = 7.2;
					};
				};
			};
			buildConfigurationList = 280E63AE1C8922EE006348C6 /* Build configuration list for PBXProject "BranchingOut-iOS" */;
			compatibilityVersion = "Xcode 3.2";
			developmentRegion = English;
			hasScannedForEncodings = 0;
			knownRegions = (
				en,
				Base,
			);
			mainGroup = 280E63AA1C8922EE006348C6;
			productRefGroup = 280E63B41C8922EE006348C6 /* Products */;
			projectDirPath = "";
			projectRoot = "";
			targets = (
				280E63B21C8922EE006348C6 /* BranchingOut-iOS */,
			);
		};
/* End PBXProject section */

/* Begin PBXResourcesBuildPhase section */
		280E63B11C8922EE006348C6 /* Resources */ = {
			isa = PBXResourcesBuildPhase;
			buildActionMask = 2147483647;
			files = (
				283272E31CAC845500179CF9 /* img4.jpg in Resources */,
				28D813811CB6B28F00556B97 /* Gardens_Fotor.jpg in Resources */,
				28D813831CB6B56F00556B97 /* MapView.storyboard in Resources */,
				280E63C11C8922EE006348C6 /* LaunchScreen.storyboard in Resources */,
				283272E01CAC845500179CF9 /* img1.jpg in Resources */,
				283272D21C92561100179CF9 /* Gallery.storyboard in Resources */,
				280E63BE1C8922EE006348C6 /* Assets.xcassets in Resources */,
				283272E21CAC845500179CF9 /* img3.jpg in Resources */,
				283272E11CAC845500179CF9 /* img2.jpg in Resources */,
				280E63BC1C8922EE006348C6 /* Main.storyboard in Resources */,
				7F06D87B1C9258AF00FA3E13 /* NearbyTrees.storyboard in Resources */,
				650C966F1C9259DE006C952A /* Home.storyboard in Resources */,
			);
			runOnlyForDeploymentPostprocessing = 0;
		};
/* End PBXResourcesBuildPhase section */

/* Begin PBXShellScriptBuildPhase section */
		4D0D0F2C4ACAE82121180367 /* Check Pods Manifest.lock */ = {
			isa = PBXShellScriptBuildPhase;
			buildActionMask = 2147483647;
			files = (
			);
			inputPaths = (
			);
			name = "Check Pods Manifest.lock";
			outputPaths = (
			);
			runOnlyForDeploymentPostprocessing = 0;
			shellPath = /bin/sh;
			shellScript = "diff \"${PODS_ROOT}/../Podfile.lock\" \"${PODS_ROOT}/Manifest.lock\" > /dev/null\nif [[ $? != 0 ]] ; then\n    cat << EOM\nerror: The sandbox is not in sync with the Podfile.lock. Run 'pod install' or update your CocoaPods installation.\nEOM\n    exit 1\nfi\n";
			showEnvVarsInLog = 0;
		};
		9B209DBD3CA72D36372804A8 /* Embed Pods Frameworks */ = {
			isa = PBXShellScriptBuildPhase;
			buildActionMask = 2147483647;
			files = (
			);
			inputPaths = (
			);
			name = "Embed Pods Frameworks";
			outputPaths = (
			);
			runOnlyForDeploymentPostprocessing = 0;
			shellPath = /bin/sh;
			shellScript = "\"${SRCROOT}/Pods/Target Support Files/Pods-BranchingOut-iOS/Pods-BranchingOut-iOS-frameworks.sh\"\n";
			showEnvVarsInLog = 0;
		};
		DF2872FFE6D3287B9D6929BC /* Copy Pods Resources */ = {
			isa = PBXShellScriptBuildPhase;
			buildActionMask = 2147483647;
			files = (
			);
			inputPaths = (
			);
			name = "Copy Pods Resources";
			outputPaths = (
			);
			runOnlyForDeploymentPostprocessing = 0;
			shellPath = /bin/sh;
			shellScript = "\"${SRCROOT}/Pods/Target Support Files/Pods-BranchingOut-iOS/Pods-BranchingOut-iOS-resources.sh\"\n";
			showEnvVarsInLog = 0;
		};
/* End PBXShellScriptBuildPhase section */

/* Begin PBXSourcesBuildPhase section */
		280E63AF1C8922EE006348C6 /* Sources */ = {
			isa = PBXSourcesBuildPhase;
			buildActionMask = 2147483647;
			files = (
				28D8137E1CB6B18B00556B97 /* MDCNearbyTreesViewController.swift in Sources */,
				28D8137D1CB5CCAF00556B97 /* MDCTree.swift in Sources */,
				28D813851CB6B82E00556B97 /* MDCHomeViewController.swift in Sources */,
				28D8138C1CB7187400556B97 /* OCSingleAnnotation.m in Sources */,
				28D813871CB6B87B00556B97 /* MDCMapViewController.swift in Sources */,
				28D8137F1CB6B18E00556B97 /* NearbyTreesTableViewCell.swift in Sources */,
				2894E7091CBF133700E6C145 /* MDCWebViewController.swift in Sources */,
				283272E81CAC8C1D00179CF9 /* MDCGalleryViewController.swift in Sources */,
				283272D71C9260F700179CF9 /* MDCGalleryCollectionViewCell.swift in Sources */,
				283272EA1CADCAD000179CF9 /* MDCPopupViewController.swift in Sources */,
				283272DB1CAC832900179CF9 /* MDCAppDelegate.swift in Sources */,
			);
			runOnlyForDeploymentPostprocessing = 0;
		};
/* End PBXSourcesBuildPhase section */

/* Begin PBXVariantGroup section */
		280E63BA1C8922EE006348C6 /* Main.storyboard */ = {
			isa = PBXVariantGroup;
			children = (
				280E63BB1C8922EE006348C6 /* Base */,
			);
			name = Main.storyboard;
			sourceTree = "<group>";
		};
		280E63BF1C8922EE006348C6 /* LaunchScreen.storyboard */ = {
			isa = PBXVariantGroup;
			children = (
				280E63C01C8922EE006348C6 /* Base */,
			);
			name = LaunchScreen.storyboard;
			sourceTree = "<group>";
		};
/* End PBXVariantGroup section */

/* Begin XCBuildConfiguration section */
		280E63C31C8922EE006348C6 /* Debug */ = {
			isa = XCBuildConfiguration;
			buildSettings = {
				ALWAYS_SEARCH_USER_PATHS = NO;
				CLANG_CXX_LANGUAGE_STANDARD = "gnu++0x";
				CLANG_CXX_LIBRARY = "libc++";
				CLANG_ENABLE_MODULES = YES;
				CLANG_ENABLE_OBJC_ARC = YES;
				CLANG_WARN_BOOL_CONVERSION = YES;
				CLANG_WARN_CONSTANT_CONVERSION = YES;
				CLANG_WARN_DIRECT_OBJC_ISA_USAGE = YES_ERROR;
				CLANG_WARN_EMPTY_BODY = YES;
				CLANG_WARN_ENUM_CONVERSION = YES;
				CLANG_WARN_INT_CONVERSION = YES;
				CLANG_WARN_OBJC_ROOT_CLASS = YES_ERROR;
				CLANG_WARN_UNREACHABLE_CODE = YES;
				CLANG_WARN__DUPLICATE_METHOD_MATCH = YES;
				"CODE_SIGN_IDENTITY[sdk=iphoneos*]" = "iPhone Developer";
				COPY_PHASE_STRIP = NO;
				DEBUG_INFORMATION_FORMAT = dwarf;
				ENABLE_STRICT_OBJC_MSGSEND = YES;
				ENABLE_TESTABILITY = YES;
				GCC_C_LANGUAGE_STANDARD = gnu99;
				GCC_DYNAMIC_NO_PIC = NO;
				GCC_NO_COMMON_BLOCKS = YES;
				GCC_OPTIMIZATION_LEVEL = 0;
				GCC_PREPROCESSOR_DEFINITIONS = (
					"DEBUG=1",
					"$(inherited)",
				);
				GCC_WARN_64_TO_32_BIT_CONVERSION = YES;
				GCC_WARN_ABOUT_RETURN_TYPE = YES_ERROR;
				GCC_WARN_UNDECLARED_SELECTOR = YES;
				GCC_WARN_UNINITIALIZED_AUTOS = YES_AGGRESSIVE;
				GCC_WARN_UNUSED_FUNCTION = YES;
				GCC_WARN_UNUSED_VARIABLE = YES;
				IPHONEOS_DEPLOYMENT_TARGET = 9.2;
				MTL_ENABLE_DEBUG_INFO = YES;
				ONLY_ACTIVE_ARCH = YES;
				SDKROOT = iphoneos;
				SWIFT_OPTIMIZATION_LEVEL = "-Onone";
			};
			name = Debug;
		};
		280E63C41C8922EE006348C6 /* Release */ = {
			isa = XCBuildConfiguration;
			buildSettings = {
				ALWAYS_SEARCH_USER_PATHS = NO;
				CLANG_CXX_LANGUAGE_STANDARD = "gnu++0x";
				CLANG_CXX_LIBRARY = "libc++";
				CLANG_ENABLE_MODULES = YES;
				CLANG_ENABLE_OBJC_ARC = YES;
				CLANG_WARN_BOOL_CONVERSION = YES;
				CLANG_WARN_CONSTANT_CONVERSION = YES;
				CLANG_WARN_DIRECT_OBJC_ISA_USAGE = YES_ERROR;
				CLANG_WARN_EMPTY_BODY = YES;
				CLANG_WARN_ENUM_CONVERSION = YES;
				CLANG_WARN_INT_CONVERSION = YES;
				CLANG_WARN_OBJC_ROOT_CLASS = YES_ERROR;
				CLANG_WARN_UNREACHABLE_CODE = YES;
				CLANG_WARN__DUPLICATE_METHOD_MATCH = YES;
				"CODE_SIGN_IDENTITY[sdk=iphoneos*]" = "iPhone Developer";
				COPY_PHASE_STRIP = NO;
				DEBUG_INFORMATION_FORMAT = "dwarf-with-dsym";
				ENABLE_NS_ASSERTIONS = NO;
				ENABLE_STRICT_OBJC_MSGSEND = YES;
				GCC_C_LANGUAGE_STANDARD = gnu99;
				GCC_NO_COMMON_BLOCKS = YES;
				GCC_WARN_64_TO_32_BIT_CONVERSION = YES;
				GCC_WARN_ABOUT_RETURN_TYPE = YES_ERROR;
				GCC_WARN_UNDECLARED_SELECTOR = YES;
				GCC_WARN_UNINITIALIZED_AUTOS = YES_AGGRESSIVE;
				GCC_WARN_UNUSED_FUNCTION = YES;
				GCC_WARN_UNUSED_VARIABLE = YES;
				IPHONEOS_DEPLOYMENT_TARGET = 9.2;
				MTL_ENABLE_DEBUG_INFO = NO;
				SDKROOT = iphoneos;
				VALIDATE_PRODUCT = YES;
			};
			name = Release;
		};
		280E63C61C8922EE006348C6 /* Debug */ = {
			isa = XCBuildConfiguration;
			baseConfigurationReference = 71078D493F3F8685D6C5A2EA /* Pods-BranchingOut-iOS.debug.xcconfig */;
			buildSettings = {
				ASSETCATALOG_COMPILER_APPICON_NAME = AppIcon;
				CLANG_ENABLE_MODULES = YES;
				INFOPLIST_FILE = "BranchingOut-iOS/Info.plist";
				LD_RUNPATH_SEARCH_PATHS = "$(inherited) @executable_path/Frameworks";
				PRODUCT_BUNDLE_IDENTIFIER = "MDC.BranchingOut-iOS";
				PRODUCT_NAME = "$(TARGET_NAME)";
				SWIFT_OBJC_BRIDGING_HEADER = "BranchingOut-iOS/BranchingOut-iOS-Bridging-Header.h";
				SWIFT_OPTIMIZATION_LEVEL = "-Onone";
			};
			name = Debug;
		};
		280E63C71C8922EE006348C6 /* Release */ = {
			isa = XCBuildConfiguration;
			baseConfigurationReference = B4E3454791EC011D38AB27BF /* Pods-BranchingOut-iOS.release.xcconfig */;
			buildSettings = {
				ASSETCATALOG_COMPILER_APPICON_NAME = AppIcon;
				CLANG_ENABLE_MODULES = YES;
				INFOPLIST_FILE = "BranchingOut-iOS/Info.plist";
				LD_RUNPATH_SEARCH_PATHS = "$(inherited) @executable_path/Frameworks";
				PRODUCT_BUNDLE_IDENTIFIER = "MDC.BranchingOut-iOS";
				PRODUCT_NAME = "$(TARGET_NAME)";
				SWIFT_OBJC_BRIDGING_HEADER = "BranchingOut-iOS/BranchingOut-iOS-Bridging-Header.h";
			};
			name = Release;
		};
/* End XCBuildConfiguration section */

/* Begin XCConfigurationList section */
		280E63AE1C8922EE006348C6 /* Build configuration list for PBXProject "BranchingOut-iOS" */ = {
			isa = XCConfigurationList;
			buildConfigurations = (
				280E63C31C8922EE006348C6 /* Debug */,
				280E63C41C8922EE006348C6 /* Release */,
			);
			defaultConfigurationIsVisible = 0;
			defaultConfigurationName = Release;
		};
		280E63C51C8922EE006348C6 /* Build configuration list for PBXNativeTarget "BranchingOut-iOS" */ = {
			isa = XCConfigurationList;
			buildConfigurations = (
				280E63C61C8922EE006348C6 /* Debug */,
				280E63C71C8922EE006348C6 /* Release */,
			);
			defaultConfigurationIsVisible = 0;
			defaultConfigurationName = Release;
		};
/* End XCConfigurationList section */
	};
	rootObject = 280E63AB1C8922EE006348C6 /* Project object */;
}
